
Microsoft Visual Studio Solution File, Format Version 12.00
# Visual Studio 15
VisualStudioVersion = 15.0.28307.1831
MinimumVisualStudioVersion = 10.0.40219.1
Project("{FAE04EC0-301F-11D3-BF4B-00C04F79EFBC}") = "DaHinh", "DaHinh\DaHinh.csproj", "{3FE71C4E-F371-47A2-88C4-DCBDF7A7402C}"
EndProject
Project("{FAE04EC0-301F-11D3-BF4B-00C04F79EFBC}") = "Struct", "Struct\Struct.csproj", "{8FC385B5-E9D9-4705-BEAC-079450CEC550}"
EndProject
Project("{FAE04EC0-301F-11D3-BF4B-00C04F79EFBC}") = "BTDD10-5", "BTDD10-5\BTDD10-5.csproj", "{0B930119-24EB-4095-BBF0-24D31CB88D0E}"
EndProject
Project("{FAE04EC0-301F-11D3-BF4B-00C04F79EFBC}") = "BTDD26-4", "BTDD26-4\BTDD26-4.csproj", "{0DBC71B0-6212-4357-857E-2EC553A8C99D}"
EndProject
Project("{FAE04EC0-301F-11D3-BF4B-00C04F79EFBC}") = "BaiTap58", "BaiTap58\BaiTap58.csproj", "{173D0E74-1DC6-429B-8FA5-8E4FD0436D85}"
EndProject
Project("{FAE04EC0-301F-11D3-BF4B-00C04F79EFBC}") = "BaiTap59", "BaiTap59\BaiTap59.csproj", "{61875551-3A0F-4EF0-83A9-EFF89147E17C}"
EndProject
Project("{FAE04EC0-301F-11D3-BF4B-00C04F79EFBC}") = "BaiTap60", "BaiTap60\BaiTap60.csproj", "{F401303A-2C89-4FAB-AE69-E7B3BF9FC11B}"
EndProject
Project("{FAE04EC0-301F-11D3-BF4B-00C04F79EFBC}") = "BaiTap61", "BaiTap61\BaiTap61.csproj", "{DDB7E65C-B4EE-4155-8747-3E0481C14BB8}"
EndProject
Project("{FAE04EC0-301F-11D3-BF4B-00C04F79EFBC}") = "BaiTap62", "BaiTap62\BaiTap62.csproj", "{454DB029-B39B-4FC7-A747-40CF66B2941E}"
EndProject
Project("{FAE04EC0-301F-11D3-BF4B-00C04F79EFBC}") = "BaiTap63", "BaiTap63\BaiTap63.csproj", "{3F16ACF6-FFC2-49D7-A1B3-746753B86946}"
EndProject
Project("{FAE04EC0-301F-11D3-BF4B-00C04F79EFBC}") = "BaiTap64", "BaiTap64\BaiTap64.csproj", "{963C35DD-AEFF-4E09-8AB0-2749BB429D35}"
EndProject
Project("{FAE04EC0-301F-11D3-BF4B-00C04F79EFBC}") = "BaiTap65", "BaiTap65\BaiTap65.csproj", "{EA0760CD-9F9A-4DF4-9765-5A7FFE370F30}"
EndProject
Project("{FAE04EC0-301F-11D3-BF4B-00C04F79EFBC}") = "BaiTap66", "BaiTap66\BaiTap66.csproj", "{DECDCAFA-6F16-45A4-98AC-A37A9D1AC6A4}"
EndProject
Project("{FAE04EC0-301F-11D3-BF4B-00C04F79EFBC}") = "BaiTap67", "BaiTap67\BaiTap67.csproj", "{917FCC97-D7D3-46BC-87E9-E537648D449A}"
EndProject
Project("{FAE04EC0-301F-11D3-BF4B-00C04F79EFBC}") = "BaiTap68", "BaiTap68\BaiTap68.csproj", "{34EF9B71-698A-470A-A839-6951EFD95CA0}"
EndProject
Project("{FAE04EC0-301F-11D3-BF4B-00C04F79EFBC}") = "BaiTap69", "BaiTap69\BaiTap69.csproj", "{B9EFE68A-3F1D-4998-885B-53B6AA92E196}"
EndProject
Project("{FAE04EC0-301F-11D3-BF4B-00C04F79EFBC}") = "BaiTap70", "BaiTap70\BaiTap70.csproj", "{628FF9E5-6A0E-40FE-A09C-BA5E1744DFA9}"
EndProject
Project("{FAE04EC0-301F-11D3-BF4B-00C04F79EFBC}") = "QuanLyHoDanCu", "QuanLyHoDanCu\QuanLyHoDanCu.csproj", "{F81732ED-C442-4EB4-8F35-0C0278B1B8AF}"
EndProject
Global
	GlobalSection(SolutionConfigurationPlatforms) = preSolution
		Debug|Any CPU = Debug|Any CPU
		Release|Any CPU = Release|Any CPU
	EndGlobalSection
	GlobalSection(ProjectConfigurationPlatforms) = postSolution
		{3FE71C4E-F371-47A2-88C4-DCBDF7A7402C}.Debug|Any CPU.ActiveCfg = Debug|Any CPU
		{3FE71C4E-F371-47A2-88C4-DCBDF7A7402C}.Debug|Any CPU.Build.0 = Debug|Any CPU
		{3FE71C4E-F371-47A2-88C4-DCBDF7A7402C}.Release|Any CPU.ActiveCfg = Release|Any CPU
		{3FE71C4E-F371-47A2-88C4-DCBDF7A7402C}.Release|Any CPU.Build.0 = Release|Any CPU
		{8FC385B5-E9D9-4705-BEAC-079450CEC550}.Debug|Any CPU.ActiveCfg = Debug|Any CPU
		{8FC385B5-E9D9-4705-BEAC-079450CEC550}.Debug|Any CPU.Build.0 = Debug|Any CPU
		{8FC385B5-E9D9-4705-BEAC-079450CEC550}.Release|Any CPU.ActiveCfg = Release|Any CPU
		{8FC385B5-E9D9-4705-BEAC-079450CEC550}.Release|Any CPU.Build.0 = Release|Any CPU
		{0B930119-24EB-4095-BBF0-24D31CB88D0E}.Debug|Any CPU.ActiveCfg = Debug|Any CPU
		{0B930119-24EB-4095-BBF0-24D31CB88D0E}.Debug|Any CPU.Build.0 = Debug|Any CPU
		{0B930119-24EB-4095-BBF0-24D31CB88D0E}.Release|Any CPU.ActiveCfg = Release|Any CPU
		{0B930119-24EB-4095-BBF0-24D31CB88D0E}.Release|Any CPU.Build.0 = Release|Any CPU
		{0DBC71B0-6212-4357-857E-2EC553A8C99D}.Debug|Any CPU.ActiveCfg = Debug|Any CPU
		{0DBC71B0-6212-4357-857E-2EC553A8C99D}.Debug|Any CPU.Build.0 = Debug|Any CPU
		{0DBC71B0-6212-4357-857E-2EC553A8C99D}.Release|Any CPU.ActiveCfg = Release|Any CPU
		{0DBC71B0-6212-4357-857E-2EC553A8C99D}.Release|Any CPU.Build.0 = Release|Any CPU
		{173D0E74-1DC6-429B-8FA5-8E4FD0436D85}.Debug|Any CPU.ActiveCfg = Debug|Any CPU
		{173D0E74-1DC6-429B-8FA5-8E4FD0436D85}.Debug|Any CPU.Build.0 = Debug|Any CPU
		{173D0E74-1DC6-429B-8FA5-8E4FD0436D85}.Release|Any CPU.ActiveCfg = Release|Any CPU
		{173D0E74-1DC6-429B-8FA5-8E4FD0436D85}.Release|Any CPU.Build.0 = Release|Any CPU
		{61875551-3A0F-4EF0-83A9-EFF89147E17C}.Debug|Any CPU.ActiveCfg = Debug|Any CPU
		{61875551-3A0F-4EF0-83A9-EFF89147E17C}.Debug|Any CPU.Build.0 = Debug|Any CPU
		{61875551-3A0F-4EF0-83A9-EFF89147E17C}.Release|Any CPU.ActiveCfg = Release|Any CPU
		{61875551-3A0F-4EF0-83A9-EFF89147E17C}.Release|Any CPU.Build.0 = Release|Any CPU
		{F401303A-2C89-4FAB-AE69-E7B3BF9FC11B}.Debug|Any CPU.ActiveCfg = Debug|Any CPU
		{F401303A-2C89-4FAB-AE69-E7B3BF9FC11B}.Debug|Any CPU.Build.0 = Debug|Any CPU
		{F401303A-2C89-4FAB-AE69-E7B3BF9FC11B}.Release|Any CPU.ActiveCfg = Release|Any CPU
		{F401303A-2C89-4FAB-AE69-E7B3BF9FC11B}.Release|Any CPU.Build.0 = Release|Any CPU
		{DDB7E65C-B4EE-4155-8747-3E0481C14BB8}.Debug|Any CPU.ActiveCfg = Debug|Any CPU
		{DDB7E65C-B4EE-4155-8747-3E0481C14BB8}.Debug|Any CPU.Build.0 = Debug|Any CPU
		{DDB7E65C-B4EE-4155-8747-3E0481C14BB8}.Release|Any CPU.ActiveCfg = Release|Any CPU
		{DDB7E65C-B4EE-4155-8747-3E0481C14BB8}.Release|Any CPU.Build.0 = Release|Any CPU
		{454DB029-B39B-4FC7-A747-40CF66B2941E}.Debug|Any CPU.ActiveCfg = Debug|Any CPU
		{454DB029-B39B-4FC7-A747-40CF66B2941E}.Debug|Any CPU.Build.0 = Debug|Any CPU
		{454DB029-B39B-4FC7-A747-40CF66B2941E}.Release|Any CPU.ActiveCfg = Release|Any CPU
		{454DB029-B39B-4FC7-A747-40CF66B2941E}.Release|Any CPU.Build.0 = Release|Any CPU
		{3F16ACF6-FFC2-49D7-A1B3-746753B86946}.Debug|Any CPU.ActiveCfg = Debug|Any CPU
		{3F16ACF6-FFC2-49D7-A1B3-746753B86946}.Debug|Any CPU.Build.0 = Debug|Any CPU
		{3F16ACF6-FFC2-49D7-A1B3-746753B86946}.Release|Any CPU.ActiveCfg = Release|Any CPU
		{3F16ACF6-FFC2-49D7-A1B3-746753B86946}.Release|Any CPU.Build.0 = Release|Any CPU
		{963C35DD-AEFF-4E09-8AB0-2749BB429D35}.Debug|Any CPU.ActiveCfg = Debug|Any CPU
		{963C35DD-AEFF-4E09-8AB0-2749BB429D35}.Debug|Any CPU.Build.0 = Debug|Any CPU
		{963C35DD-AEFF-4E09-8AB0-2749BB429D35}.Release|Any CPU.ActiveCfg = Release|Any CPU
		{963C35DD-AEFF-4E09-8AB0-2749BB429D35}.Release|Any CPU.Build.0 = Release|Any CPU
		{EA0760CD-9F9A-4DF4-9765-5A7FFE370F30}.Debug|Any CPU.ActiveCfg = Debug|Any CPU
		{EA0760CD-9F9A-4DF4-9765-5A7FFE370F30}.Debug|Any CPU.Build.0 = Debug|Any CPU
		{EA0760CD-9F9A-4DF4-9765-5A7FFE370F30}.Release|Any CPU.ActiveCfg = Release|Any CPU
		{EA0760CD-9F9A-4DF4-9765-5A7FFE370F30}.Release|Any CPU.Build.0 = Release|Any CPU
		{DECDCAFA-6F16-45A4-98AC-A37A9D1AC6A4}.Debug|Any CPU.ActiveCfg = Debug|Any CPU
		{DECDCAFA-6F16-45A4-98AC-A37A9D1AC6A4}.Debug|Any CPU.Build.0 = Debug|Any CPU
		{DECDCAFA-6F16-45A4-98AC-A37A9D1AC6A4}.Release|Any CPU.ActiveCfg = Release|Any CPU
		{DECDCAFA-6F16-45A4-98AC-A37A9D1AC6A4}.Release|Any CPU.Build.0 = Release|Any CPU
		{917FCC97-D7D3-46BC-87E9-E537648D449A}.Debug|Any CPU.ActiveCfg = Debug|Any CPU
		{917FCC97-D7D3-46BC-87E9-E537648D449A}.Debug|Any CPU.Build.0 = Debug|Any CPU
		{917FCC97-D7D3-46BC-87E9-E537648D449A}.Release|Any CPU.ActiveCfg = Release|Any CPU
		{917FCC97-D7D3-46BC-87E9-E537648D449A}.Release|Any CPU.Build.0 = Release|Any CPU
		{34EF9B71-698A-470A-A839-6951EFD95CA0}.Debug|Any CPU.ActiveCfg = Debug|Any CPU
		{34EF9B71-698A-470A-A839-6951EFD95CA0}.Debug|Any CPU.Build.0 = Debug|Any CPU
		{34EF9B71-698A-470A-A839-6951EFD95CA0}.Release|Any CPU.ActiveCfg = Release|Any CPU
		{34EF9B71-698A-470A-A839-6951EFD95CA0}.Release|Any CPU.Build.0 = Release|Any CPU
		{B9EFE68A-3F1D-4998-885B-53B6AA92E196}.Debug|Any CPU.ActiveCfg = Debug|Any CPU
		{B9EFE68A-3F1D-4998-885B-53B6AA92E196}.Debug|Any CPU.Build.0 = Debug|Any CPU
		{B9EFE68A-3F1D-4998-885B-53B6AA92E196}.Release|Any CPU.ActiveCfg = Release|Any CPU
		{B9EFE68A-3F1D-4998-885B-53B6AA92E196}.Release|Any CPU.Build.0 = Release|Any CPU
		{628FF9E5-6A0E-40FE-A09C-BA5E1744DFA9}.Debug|Any CPU.ActiveCfg = Debug|Any CPU
		{628FF9E5-6A0E-40FE-A09C-BA5E1744DFA9}.Debug|Any CPU.Build.0 = Debug|Any CPU
		{628FF9E5-6A0E-40FE-A09C-BA5E1744DFA9}.Release|Any CPU.ActiveCfg = Release|Any CPU
		{628FF9E5-6A0E-40FE-A09C-BA5E1744DFA9}.Release|Any CPU.Build.0 = Release|Any CPU
		{F81732ED-C442-4EB4-8F35-0C0278B1B8AF}.Debug|Any CPU.ActiveCfg = Debug|Any CPU
		{F81732ED-C442-4EB4-8F35-0C0278B1B8AF}.Debug|Any CPU.Build.0 = Debug|Any CPU
		{F81732ED-C442-4EB4-8F35-0C0278B1B8AF}.Release|Any CPU.ActiveCfg = Release|Any CPU
		{F81732ED-C442-4EB4-8F35-0C0278B1B8AF}.Release|Any CPU.Build.0 = Release|Any CPU
	EndGlobalSection
	GlobalSection(SolutionProperties) = preSolution
		HideSolutionNode = FALSE
	EndGlobalSection
	GlobalSection(ExtensibilityGlobals) = postSolution
		SolutionGuid = {EDB42002-DBCA-4B8D-9F7E-B6C94F17277D}
	EndGlobalSection
EndGlobal
